
Microsoft Visual Studio Solution File, Format Version 12.00
# Visual Studio Version 17
VisualStudioVersion = 17.5.002.0
MinimumVisualStudioVersion = 10.0.40219.1
Project("{9A19103F-16F7-4668-BE54-9A1E7A4F7556}") = "orders-service", "orders-service.csproj", "{C649DF63-63D2-4A3C-A213-0ECCFC3EEE79}"
EndProject
Global
	GlobalSection(SolutionConfigurationPlatforms) = preSolution
		Debug|Any CPU = Debug|Any CPU
		Release|Any CPU = Release|Any CPU
	EndGlobalSection
	GlobalSection(ProjectConfigurationPlatforms) = postSolution
		{C649DF63-63D2-4A3C-A213-0ECCFC3EEE79}.Debug|Any CPU.ActiveCfg = Debug|Any CPU
		{C649DF63-63D2-4A3C-A213-0ECCFC3EEE79}.Debug|Any CPU.Build.0 = Debug|Any CPU
		{C649DF63-63D2-4A3C-A213-0ECCFC3EEE79}.Release|Any CPU.ActiveCfg = Release|Any CPU
		{C649DF63-63D2-4A3C-A213-0ECCFC3EEE79}.Release|Any CPU.Build.0 = Release|Any CPU
	EndGlobalSection
	GlobalSection(SolutionProperties) = preSolution
		HideSolutionNode = FALSE
	EndGlobalSection
	GlobalSection(ExtensibilityGlobals) = postSolution
		SolutionGuid = {339DFDBE-F5AD-4DB5-A4F9-503E50C81E13}
	EndGlobalSection
EndGlobal
